// !$*UTF8*$!
{
	archiveVersion = 1;
	classes = {
	};
	objectVersion = 56;
	objects = {

/* Begin PBXBuildFile section */
		9606647B2A519A2A006271F7 /* PokemonData.swift in Sources */ = {isa = PBXBuildFile; fileRef = 9606647A2A519A2A006271F7 /* PokemonData.swift */; };
		9606647E2A519D54006271F7 /* ModalView.swift in Sources */ = {isa = PBXBuildFile; fileRef = 9606647D2A519D54006271F7 /* ModalView.swift */; };
		960FE9742A58A472006509AB /* ActionButtonStyle.swift in Sources */ = {isa = PBXBuildFile; fileRef = 960FE9732A58A472006509AB /* ActionButtonStyle.swift */; };
		961428A12A4E29EC00732A37 /* PokemonApp.swift in Sources */ = {isa = PBXBuildFile; fileRef = 961428A02A4E29EC00732A37 /* PokemonApp.swift */; };
		961428A32A4E29EC00732A37 /* ContentView.swift in Sources */ = {isa = PBXBuildFile; fileRef = 961428A22A4E29EC00732A37 /* ContentView.swift */; };
		961428A52A4E29EF00732A37 /* Assets.xcassets in Resources */ = {isa = PBXBuildFile; fileRef = 961428A42A4E29EF00732A37 /* Assets.xcassets */; };
		961428A82A4E29EF00732A37 /* Preview Assets.xcassets in Resources */ = {isa = PBXBuildFile; fileRef = 961428A72A4E29EF00732A37 /* Preview Assets.xcassets */; };
		961428B22A4E29F000732A37 /* PokemonTests.swift in Sources */ = {isa = PBXBuildFile; fileRef = 961428B12A4E29F000732A37 /* PokemonTests.swift */; };
		961428BC2A4E29F000732A37 /* PokemonUITests.swift in Sources */ = {isa = PBXBuildFile; fileRef = 961428BB2A4E29F000732A37 /* PokemonUITests.swift */; };
		961428BE2A4E29F000732A37 /* PokemonUITestsLaunchTests.swift in Sources */ = {isa = PBXBuildFile; fileRef = 961428BD2A4E29F000732A37 /* PokemonUITestsLaunchTests.swift */; };
		96842B7F2A50CDAA00295028 /* WelcomeView.swift in Sources */ = {isa = PBXBuildFile; fileRef = 96842B7E2A50CDAA00295028 /* WelcomeView.swift */; };
		96842B812A50D69900295028 /* LoadingView.swift in Sources */ = {isa = PBXBuildFile; fileRef = 96842B802A50D69900295028 /* LoadingView.swift */; };
		96842B832A50D84A00295028 /* ListView.swift in Sources */ = {isa = PBXBuildFile; fileRef = 96842B822A50D84A00295028 /* ListView.swift */; };
		96842B852A50D88500295028 /* SearchBar.swift in Sources */ = {isa = PBXBuildFile; fileRef = 96842B842A50D88500295028 /* SearchBar.swift */; };
		96842B882A50E3B700295028 /* Pokemon.swift in Sources */ = {isa = PBXBuildFile; fileRef = 96842B872A50E3B700295028 /* Pokemon.swift */; };
		96842B8A2A50E3CE00295028 /* PokemonListResponse.swift in Sources */ = {isa = PBXBuildFile; fileRef = 96842B892A50E3CE00295028 /* PokemonListResponse.swift */; };
		96842B8D2A50E41100295028 /* PokemonViewModel.swift in Sources */ = {isa = PBXBuildFile; fileRef = 96842B8C2A50E41000295028 /* PokemonViewModel.swift */; };
		96842B902A50EA6100295028 /* PokemonCell.swift in Sources */ = {isa = PBXBuildFile; fileRef = 96842B8F2A50EA6100295028 /* PokemonCell.swift */; };
/* End PBXBuildFile section */

/* Begin PBXContainerItemProxy section */
		961428AE2A4E29F000732A37 /* PBXContainerItemProxy */ = {
			isa = PBXContainerItemProxy;
			containerPortal = 961428952A4E29EC00732A37 /* Project object */;
			proxyType = 1;
			remoteGlobalIDString = 9614289C2A4E29EC00732A37;
			remoteInfo = Pokemon;
		};
		961428B82A4E29F000732A37 /* PBXContainerItemProxy */ = {
			isa = PBXContainerItemProxy;
			containerPortal = 961428952A4E29EC00732A37 /* Project object */;
			proxyType = 1;
			remoteGlobalIDString = 9614289C2A4E29EC00732A37;
			remoteInfo = Pokemon;
		};
/* End PBXContainerItemProxy section */

/* Begin PBXFileReference section */
		9606647A2A519A2A006271F7 /* PokemonData.swift */ = {isa = PBXFileReference; lastKnownFileType = sourcecode.swift; path = PokemonData.swift; sourceTree = "<group>"; };
		9606647D2A519D54006271F7 /* ModalView.swift */ = {isa = PBXFileReference; lastKnownFileType = sourcecode.swift; path = ModalView.swift; sourceTree = "<group>"; };
		960FE9732A58A472006509AB /* ActionButtonStyle.swift */ = {isa = PBXFileReference; lastKnownFileType = sourcecode.swift; path = ActionButtonStyle.swift; sourceTree = "<group>"; };
		9614289D2A4E29EC00732A37 /* Pokemon.app */ = {isa = PBXFileReference; explicitFileType = wrapper.application; includeInIndex = 0; path = Pokemon.app; sourceTree = BUILT_PRODUCTS_DIR; };
		961428A02A4E29EC00732A37 /* PokemonApp.swift */ = {isa = PBXFileReference; lastKnownFileType = sourcecode.swift; path = PokemonApp.swift; sourceTree = "<group>"; };
		961428A22A4E29EC00732A37 /* ContentView.swift */ = {isa = PBXFileReference; lastKnownFileType = sourcecode.swift; path = ContentView.swift; sourceTree = "<group>"; };
		961428A42A4E29EF00732A37 /* Assets.xcassets */ = {isa = PBXFileReference; lastKnownFileType = folder.assetcatalog; path = Assets.xcassets; sourceTree = "<group>"; };
		961428A72A4E29EF00732A37 /* Preview Assets.xcassets */ = {isa = PBXFileReference; lastKnownFileType = folder.assetcatalog; path = "Preview Assets.xcassets"; sourceTree = "<group>"; };
		961428AD2A4E29F000732A37 /* PokemonTests.xctest */ = {isa = PBXFileReference; explicitFileType = wrapper.cfbundle; includeInIndex = 0; path = PokemonTests.xctest; sourceTree = BUILT_PRODUCTS_DIR; };
		961428B12A4E29F000732A37 /* PokemonTests.swift */ = {isa = PBXFileReference; lastKnownFileType = sourcecode.swift; path = PokemonTests.swift; sourceTree = "<group>"; };
		961428B72A4E29F000732A37 /* PokemonUITests.xctest */ = {isa = PBXFileReference; explicitFileType = wrapper.cfbundle; includeInIndex = 0; path = PokemonUITests.xctest; sourceTree = BUILT_PRODUCTS_DIR; };
		961428BB2A4E29F000732A37 /* PokemonUITests.swift */ = {isa = PBXFileReference; lastKnownFileType = sourcecode.swift; path = PokemonUITests.swift; sourceTree = "<group>"; };
		961428BD2A4E29F000732A37 /* PokemonUITestsLaunchTests.swift */ = {isa = PBXFileReference; lastKnownFileType = sourcecode.swift; path = PokemonUITestsLaunchTests.swift; sourceTree = "<group>"; };
		961428D12A4E2E8000732A37 /* Info.plist */ = {isa = PBXFileReference; lastKnownFileType = text.plist; path = Info.plist; sourceTree = "<group>"; };
		96842B7E2A50CDAA00295028 /* WelcomeView.swift */ = {isa = PBXFileReference; lastKnownFileType = sourcecode.swift; path = WelcomeView.swift; sourceTree = "<group>"; };
		96842B802A50D69900295028 /* LoadingView.swift */ = {isa = PBXFileReference; lastKnownFileType = sourcecode.swift; path = LoadingView.swift; sourceTree = "<group>"; };
		96842B822A50D84A00295028 /* ListView.swift */ = {isa = PBXFileReference; lastKnownFileType = sourcecode.swift; path = ListView.swift; sourceTree = "<group>"; };
		96842B842A50D88500295028 /* SearchBar.swift */ = {isa = PBXFileReference; lastKnownFileType = sourcecode.swift; path = SearchBar.swift; sourceTree = "<group>"; };
		96842B872A50E3B700295028 /* Pokemon.swift */ = {isa = PBXFileReference; lastKnownFileType = sourcecode.swift; path = Pokemon.swift; sourceTree = "<group>"; };
		96842B892A50E3CE00295028 /* PokemonListResponse.swift */ = {isa = PBXFileReference; lastKnownFileType = sourcecode.swift; path = PokemonListResponse.swift; sourceTree = "<group>"; };
		96842B8C2A50E41000295028 /* PokemonViewModel.swift */ = {isa = PBXFileReference; lastKnownFileType = sourcecode.swift; path = PokemonViewModel.swift; sourceTree = "<group>"; };
		96842B8F2A50EA6100295028 /* PokemonCell.swift */ = {isa = PBXFileReference; lastKnownFileType = sourcecode.swift; path = PokemonCell.swift; sourceTree = "<group>"; };
/* End PBXFileReference section */

/* Begin PBXFrameworksBuildPhase section */
		9614289A2A4E29EC00732A37 /* Frameworks */ = {
			isa = PBXFrameworksBuildPhase;
			buildActionMask = 2147483647;
			files = (
			);
			runOnlyForDeploymentPostprocessing = 0;
		};
		961428AA2A4E29F000732A37 /* Frameworks */ = {
			isa = PBXFrameworksBuildPhase;
			buildActionMask = 2147483647;
			files = (
			);
			runOnlyForDeploymentPostprocessing = 0;
		};
		961428B42A4E29F000732A37 /* Frameworks */ = {
			isa = PBXFrameworksBuildPhase;
			buildActionMask = 2147483647;
			files = (
			);
			runOnlyForDeploymentPostprocessing = 0;
		};
/* End PBXFrameworksBuildPhase section */

/* Begin PBXGroup section */
		960664752A511CE8006271F7 /* Utils */ = {
			isa = PBXGroup;
			children = (
				960FE9732A58A472006509AB /* ActionButtonStyle.swift */,
			);
			path = Utils;
			sourceTree = "<group>";
		};
		961428942A4E29EC00732A37 = {
			isa = PBXGroup;
			children = (
				9614289F2A4E29EC00732A37 /* Pokemon */,
				961428B02A4E29F000732A37 /* PokemonTests */,
				961428BA2A4E29F000732A37 /* PokemonUITests */,
				9614289E2A4E29EC00732A37 /* Products */,
			);
			sourceTree = "<group>";
		};
		9614289E2A4E29EC00732A37 /* Products */ = {
			isa = PBXGroup;
			children = (
				9614289D2A4E29EC00732A37 /* Pokemon.app */,
				961428AD2A4E29F000732A37 /* PokemonTests.xctest */,
				961428B72A4E29F000732A37 /* PokemonUITests.xctest */,
			);
			name = Products;
			sourceTree = "<group>";
		};
		9614289F2A4E29EC00732A37 /* Pokemon */ = {
			isa = PBXGroup;
			children = (
				960664752A511CE8006271F7 /* Utils */,
				96842B8B2A50E40100295028 /* ViewModel */,
				96842B862A50E3A500295028 /* Model */,
				961428D12A4E2E8000732A37 /* Info.plist */,
				961428CB2A4E2C7400732A37 /* Splash */,
				961428CA2A4E2C6F00732A37 /* Views  */,
				961428A02A4E29EC00732A37 /* PokemonApp.swift */,
				961428A22A4E29EC00732A37 /* ContentView.swift */,
				961428A42A4E29EF00732A37 /* Assets.xcassets */,
				961428A62A4E29EF00732A37 /* Preview Content */,
			);
			path = Pokemon;
			sourceTree = "<group>";
		};
		961428A62A4E29EF00732A37 /* Preview Content */ = {
			isa = PBXGroup;
			children = (
				961428A72A4E29EF00732A37 /* Preview Assets.xcassets */,
			);
			path = "Preview Content";
			sourceTree = "<group>";
		};
		961428B02A4E29F000732A37 /* PokemonTests */ = {
			isa = PBXGroup;
			children = (
				961428B12A4E29F000732A37 /* PokemonTests.swift */,
			);
			path = PokemonTests;
			sourceTree = "<group>";
		};
		961428BA2A4E29F000732A37 /* PokemonUITests */ = {
			isa = PBXGroup;
			children = (
				961428BB2A4E29F000732A37 /* PokemonUITests.swift */,
				961428BD2A4E29F000732A37 /* PokemonUITestsLaunchTests.swift */,
			);
			path = PokemonUITests;
			sourceTree = "<group>";
		};
		961428CA2A4E2C6F00732A37 /* Views  */ = {
			isa = PBXGroup;
			children = (
				96842B8E2A50EA4E00295028 /* Cell */,
				96842B7E2A50CDAA00295028 /* WelcomeView.swift */,
				96842B802A50D69900295028 /* LoadingView.swift */,
				96842B822A50D84A00295028 /* ListView.swift */,
				96842B842A50D88500295028 /* SearchBar.swift */,
				9606647D2A519D54006271F7 /* ModalView.swift */,
			);
			path = "Views ";
			sourceTree = "<group>";
		};
		961428CB2A4E2C7400732A37 /* Splash */ = {
			isa = PBXGroup;
			children = (
			);
			path = Splash;
			sourceTree = "<group>";
		};
		96842B862A50E3A500295028 /* Model */ = {
			isa = PBXGroup;
			children = (
				96842B872A50E3B700295028 /* Pokemon.swift */,
				96842B892A50E3CE00295028 /* PokemonListResponse.swift */,
				9606647A2A519A2A006271F7 /* PokemonData.swift */,
			);
			path = Model;
			sourceTree = "<group>";
		};
		96842B8B2A50E40100295028 /* ViewModel */ = {
			isa = PBXGroup;
			children = (
				96842B8C2A50E41000295028 /* PokemonViewModel.swift */,
			);
			path = ViewModel;
			sourceTree = "<group>";
		};
		96842B8E2A50EA4E00295028 /* Cell */ = {
			isa = PBXGroup;
			children = (
				96842B8F2A50EA6100295028 /* PokemonCell.swift */,
			);
			path = Cell;
			sourceTree = "<group>";
		};
/* End PBXGroup section */

/* Begin PBXNativeTarget section */
		9614289C2A4E29EC00732A37 /* Pokemon */ = {
			isa = PBXNativeTarget;
			buildConfigurationList = 961428C12A4E29F000732A37 /* Build configuration list for PBXNativeTarget "Pokemon" */;
			buildPhases = (
				961428992A4E29EC00732A37 /* Sources */,
				9614289A2A4E29EC00732A37 /* Frameworks */,
				9614289B2A4E29EC00732A37 /* Resources */,
			);
			buildRules = (
			);
			dependencies = (
			);
			name = Pokemon;
			productName = Pokemon;
			productReference = 9614289D2A4E29EC00732A37 /* Pokemon.app */;
			productType = "com.apple.product-type.application";
		};
		961428AC2A4E29F000732A37 /* PokemonTests */ = {
			isa = PBXNativeTarget;
			buildConfigurationList = 961428C42A4E29F000732A37 /* Build configuration list for PBXNativeTarget "PokemonTests" */;
			buildPhases = (
				961428A92A4E29F000732A37 /* Sources */,
				961428AA2A4E29F000732A37 /* Frameworks */,
				961428AB2A4E29F000732A37 /* Resources */,
			);
			buildRules = (
			);
			dependencies = (
				961428AF2A4E29F000732A37 /* PBXTargetDependency */,
			);
			name = PokemonTests;
			productName = PokemonTests;
			productReference = 961428AD2A4E29F000732A37 /* PokemonTests.xctest */;
			productType = "com.apple.product-type.bundle.unit-test";
		};
		961428B62A4E29F000732A37 /* PokemonUITests */ = {
			isa = PBXNativeTarget;
			buildConfigurationList = 961428C72A4E29F000732A37 /* Build configuration list for PBXNativeTarget "PokemonUITests" */;
			buildPhases = (
				961428B32A4E29F000732A37 /* Sources */,
				961428B42A4E29F000732A37 /* Frameworks */,
				961428B52A4E29F000732A37 /* Resources */,
			);
			buildRules = (
			);
			dependencies = (
				961428B92A4E29F000732A37 /* PBXTargetDependency */,
			);
			name = PokemonUITests;
			productName = PokemonUITests;
			productReference = 961428B72A4E29F000732A37 /* PokemonUITests.xctest */;
			productType = "com.apple.product-type.bundle.ui-testing";
		};
/* End PBXNativeTarget section */

/* Begin PBXProject section */
		961428952A4E29EC00732A37 /* Project object */ = {
			isa = PBXProject;
			attributes = {
				BuildIndependentTargetsInParallel = 1;
				LastSwiftUpdateCheck = 1410;
				LastUpgradeCheck = 1410;
				TargetAttributes = {
					9614289C2A4E29EC00732A37 = {
						CreatedOnToolsVersion = 14.1;
					};
					961428AC2A4E29F000732A37 = {
						CreatedOnToolsVersion = 14.1;
						TestTargetID = 9614289C2A4E29EC00732A37;
					};
					961428B62A4E29F000732A37 = {
						CreatedOnToolsVersion = 14.1;
						TestTargetID = 9614289C2A4E29EC00732A37;
					};
				};
			};
			buildConfigurationList = 961428982A4E29EC00732A37 /* Build configuration list for PBXProject "Pokemon" */;
			compatibilityVersion = "Xcode 14.0";
			developmentRegion = en;
			hasScannedForEncodings = 0;
			knownRegions = (
				en,
				Base,
			);
			mainGroup = 961428942A4E29EC00732A37;
			productRefGroup = 9614289E2A4E29EC00732A37 /* Products */;
			projectDirPath = "";
			projectRoot = "";
			targets = (
				9614289C2A4E29EC00732A37 /* Pokemon */,
				961428AC2A4E29F000732A37 /* PokemonTests */,
				961428B62A4E29F000732A37 /* PokemonUITests */,
			);
		};
/* End PBXProject section */

/* Begin PBXResourcesBuildPhase section */
		9614289B2A4E29EC00732A37 /* Resources */ = {
			isa = PBXResourcesBuildPhase;
			buildActionMask = 2147483647;
			files = (
				961428A82A4E29EF00732A37 /* Preview Assets.xcassets in Resources */,
				961428A52A4E29EF00732A37 /* Assets.xcassets in Resources */,
			);
			runOnlyForDeploymentPostprocessing = 0;
		};
		961428AB2A4E29F000732A37 /* Resources */ = {
			isa = PBXResourcesBuildPhase;
			buildActionMask = 2147483647;
			files = (
			);
			runOnlyForDeploymentPostprocessing = 0;
		};
		961428B52A4E29F000732A37 /* Resources */ = {
			isa = PBXResourcesBuildPhase;
			buildActionMask = 2147483647;
			files = (
			);
			runOnlyForDeploymentPostprocessing = 0;
		};
/* End PBXResourcesBuildPhase section */

/* Begin PBXSourcesBuildPhase section */
		961428992A4E29EC00732A37 /* Sources */ = {
			isa = PBXSourcesBuildPhase;
			buildActionMask = 2147483647;
			files = (
				96842B8A2A50E3CE00295028 /* PokemonListResponse.swift in Sources */,
				96842B882A50E3B700295028 /* Pokemon.swift in Sources */,
				9606647B2A519A2A006271F7 /* PokemonData.swift in Sources */,
				960FE9742A58A472006509AB /* ActionButtonStyle.swift in Sources */,
				961428A32A4E29EC00732A37 /* ContentView.swift in Sources */,
				96842B812A50D69900295028 /* LoadingView.swift in Sources */,
				96842B832A50D84A00295028 /* ListView.swift in Sources */,
				9606647E2A519D54006271F7 /* ModalView.swift in Sources */,
				96842B902A50EA6100295028 /* PokemonCell.swift in Sources */,
				96842B8D2A50E41100295028 /* PokemonViewModel.swift in Sources */,
				96842B7F2A50CDAA00295028 /* WelcomeView.swift in Sources */,
				961428A12A4E29EC00732A37 /* PokemonApp.swift in Sources */,
				96842B852A50D88500295028 /* SearchBar.swift in Sources */,
			);
			runOnlyForDeploymentPostprocessing = 0;
		};
		961428A92A4E29F000732A37 /* Sources */ = {
			isa = PBXSourcesBuildPhase;
			buildActionMask = 2147483647;
			files = (
				961428B22A4E29F000732A37 /* PokemonTests.swift in Sources */,
			);
			runOnlyForDeploymentPostprocessing = 0;
		};
		961428B32A4E29F000732A37 /* Sources */ = {
			isa = PBXSourcesBuildPhase;
			buildActionMask = 2147483647;
			files = (
				961428BE2A4E29F000732A37 /* PokemonUITestsLaunchTests.swift in Sources */,
				961428BC2A4E29F000732A37 /* PokemonUITests.swift in Sources */,
			);
			runOnlyForDeploymentPostprocessing = 0;
		};
/* End PBXSourcesBuildPhase section */

/* Begin PBXTargetDependency section */
		961428AF2A4E29F000732A37 /* PBXTargetDependency */ = {
			isa = PBXTargetDependency;
			target = 9614289C2A4E29EC00732A37 /* Pokemon */;
			targetProxy = 961428AE2A4E29F000732A37 /* PBXContainerItemProxy */;
		};
		961428B92A4E29F000732A37 /* PBXTargetDependency */ = {
			isa = PBXTargetDependency;
			target = 9614289C2A4E29EC00732A37 /* Pokemon */;
			targetProxy = 961428B82A4E29F000732A37 /* PBXContainerItemProxy */;
		};
/* End PBXTargetDependency section */

/* Begin XCBuildConfiguration section */
		961428BF2A4E29F000732A37 /* Debug */ = {
			isa = XCBuildConfiguration;
			buildSettings = {
				ALWAYS_SEARCH_USER_PATHS = NO;
				CLANG_ANALYZER_NONNULL = YES;
				CLANG_ANALYZER_NUMBER_OBJECT_CONVERSION = YES_AGGRESSIVE;
				CLANG_CXX_LANGUAGE_STANDARD = "gnu++20";
				CLANG_ENABLE_MODULES = YES;
				CLANG_ENABLE_OBJC_ARC = YES;
				CLANG_ENABLE_OBJC_WEAK = YES;
				CLANG_WARN_BLOCK_CAPTURE_AUTORELEASING = YES;
				CLANG_WARN_BOOL_CONVERSION = YES;
				CLANG_WARN_COMMA = YES;
				CLANG_WARN_CONSTANT_CONVERSION = YES;
				CLANG_WARN_DEPRECATED_OBJC_IMPLEMENTATIONS = YES;
				CLANG_WARN_DIRECT_OBJC_ISA_USAGE = YES_ERROR;
				CLANG_WARN_DOCUMENTATION_COMMENTS = YES;
				CLANG_WARN_EMPTY_BODY = YES;
				CLANG_WARN_ENUM_CONVERSION = YES;
				CLANG_WARN_INFINITE_RECURSION = YES;
				CLANG_WARN_INT_CONVERSION = YES;
				CLANG_WARN_NON_LITERAL_NULL_CONVERSION = YES;
				CLANG_WARN_OBJC_IMPLICIT_RETAIN_SELF = YES;
				CLANG_WARN_OBJC_LITERAL_CONVERSION = YES;
				CLANG_WARN_OBJC_ROOT_CLASS = YES_ERROR;
				CLANG_WARN_QUOTED_INCLUDE_IN_FRAMEWORK_HEADER = YES;
				CLANG_WARN_RANGE_LOOP_ANALYSIS = YES;
				CLANG_WARN_STRICT_PROTOTYPES = YES;
				CLANG_WARN_SUSPICIOUS_MOVE = YES;
				CLANG_WARN_UNGUARDED_AVAILABILITY = YES_AGGRESSIVE;
				CLANG_WARN_UNREACHABLE_CODE = YES;
				CLANG_WARN__DUPLICATE_METHOD_MATCH = YES;
				COPY_PHASE_STRIP = NO;
				DEBUG_INFORMATION_FORMAT = dwarf;
				ENABLE_STRICT_OBJC_MSGSEND = YES;
				ENABLE_TESTABILITY = YES;
				GCC_C_LANGUAGE_STANDARD = gnu11;
				GCC_DYNAMIC_NO_PIC = NO;
				GCC_NO_COMMON_BLOCKS = YES;
				GCC_OPTIMIZATION_LEVEL = 0;
				GCC_PREPROCESSOR_DEFINITIONS = (
					"DEBUG=1",
					"$(inherited)",
				);
				GCC_WARN_64_TO_32_BIT_CONVERSION = YES;
				GCC_WARN_ABOUT_RETURN_TYPE = YES_ERROR;
				GCC_WARN_UNDECLARED_SELECTOR = YES;
				GCC_WARN_UNINITIALIZED_AUTOS = YES_AGGRESSIVE;
				GCC_WARN_UNUSED_FUNCTION = YES;
				GCC_WARN_UNUSED_VARIABLE = YES;
				IPHONEOS_DEPLOYMENT_TARGET = 16.1;
				MTL_ENABLE_DEBUG_INFO = INCLUDE_SOURCE;
				MTL_FAST_MATH = YES;
				ONLY_ACTIVE_ARCH = YES;
				SDKROOT = iphoneos;
				SWIFT_ACTIVE_COMPILATION_CONDITIONS = DEBUG;
				SWIFT_OPTIMIZATION_LEVEL = "-Onone";
			};
			name = Debug;
		};
		961428C02A4E29F000732A37 /* Release */ = {
			isa = XCBuildConfiguration;
			buildSettings = {
				ALWAYS_SEARCH_USER_PATHS = NO;
				CLANG_ANALYZER_NONNULL = YES;
				CLANG_ANALYZER_NUMBER_OBJECT_CONVERSION = YES_AGGRESSIVE;
				CLANG_CXX_LANGUAGE_STANDARD = "gnu++20";
				CLANG_ENABLE_MODULES = YES;
				CLANG_ENABLE_OBJC_ARC = YES;
				CLANG_ENABLE_OBJC_WEAK = YES;
				CLANG_WARN_BLOCK_CAPTURE_AUTORELEASING = YES;
				CLANG_WARN_BOOL_CONVERSION = YES;
				CLANG_WARN_COMMA = YES;
				CLANG_WARN_CONSTANT_CONVERSION = YES;
				CLANG_WARN_DEPRECATED_OBJC_IMPLEMENTATIONS = YES;
				CLANG_WARN_DIRECT_OBJC_ISA_USAGE = YES_ERROR;
				CLANG_WARN_DOCUMENTATION_COMMENTS = YES;
				CLANG_WARN_EMPTY_BODY = YES;
				CLANG_WARN_ENUM_CONVERSION = YES;
				CLANG_WARN_INFINITE_RECURSION = YES;
				CLANG_WARN_INT_CONVERSION = YES;
				CLANG_WARN_NON_LITERAL_NULL_CONVERSION = YES;
				CLANG_WARN_OBJC_IMPLICIT_RETAIN_SELF = YES;
				CLANG_WARN_OBJC_LITERAL_CONVERSION = YES;
				CLANG_WARN_OBJC_ROOT_CLASS = YES_ERROR;
				CLANG_WARN_QUOTED_INCLUDE_IN_FRAMEWORK_HEADER = YES;
				CLANG_WARN_RANGE_LOOP_ANALYSIS = YES;
				CLANG_WARN_STRICT_PROTOTYPES = YES;
				CLANG_WARN_SUSPICIOUS_MOVE = YES;
				CLANG_WARN_UNGUARDED_AVAILABILITY = YES_AGGRESSIVE;
				CLANG_WARN_UNREACHABLE_CODE = YES;
				CLANG_WARN__DUPLICATE_METHOD_MATCH = YES;
				COPY_PHASE_STRIP = NO;
				DEBUG_INFORMATION_FORMAT = "dwarf-with-dsym";
				ENABLE_NS_ASSERTIONS = NO;
				ENABLE_STRICT_OBJC_MSGSEND = YES;
				GCC_C_LANGUAGE_STANDARD = gnu11;
				GCC_NO_COMMON_BLOCKS = YES;
				GCC_WARN_64_TO_32_BIT_CONVERSION = YES;
				GCC_WARN_ABOUT_RETURN_TYPE = YES_ERROR;
				GCC_WARN_UNDECLARED_SELECTOR = YES;
				GCC_WARN_UNINITIALIZED_AUTOS = YES_AGGRESSIVE;
				GCC_WARN_UNUSED_FUNCTION = YES;
				GCC_WARN_UNUSED_VARIABLE = YES;
				IPHONEOS_DEPLOYMENT_TARGET = 16.1;
				MTL_ENABLE_DEBUG_INFO = NO;
				MTL_FAST_MATH = YES;
				SDKROOT = iphoneos;
				SWIFT_COMPILATION_MODE = wholemodule;
				SWIFT_OPTIMIZATION_LEVEL = "-O";
				VALIDATE_PRODUCT = YES;
			};
			name = Release;
		};
		961428C22A4E29F000732A37 /* Debug */ = {
			isa = XCBuildConfiguration;
			buildSettings = {
				ASSETCATALOG_COMPILER_APPICON_NAME = AppIcon;
				ASSETCATALOG_COMPILER_GLOBAL_ACCENT_COLOR_NAME = AccentColor;
				CODE_SIGN_STYLE = Automatic;
				CURRENT_PROJECT_VERSION = 1;
				DEVELOPMENT_ASSET_PATHS = "\"Pokemon/Preview Content\"";
				ENABLE_PREVIEWS = YES;
				GENERATE_INFOPLIST_FILE = YES;
				INFOPLIST_FILE = Pokemon/Info.plist;
				INFOPLIST_KEY_UIApplicationSceneManifest_Generation = YES;
				INFOPLIST_KEY_UIApplicationSupportsIndirectInputEvents = YES;
				INFOPLIST_KEY_UISupportedInterfaceOrientations = UIInterfaceOrientationPortrait;
				LD_RUNPATH_SEARCH_PATHS = (
					"$(inherited)",
					"@executable_path/Frameworks",
				);
				MARKETING_VERSION = 1.0;
				PRODUCT_BUNDLE_IDENTIFIER = com.jghg02.Pokemon;
				PRODUCT_NAME = "$(TARGET_NAME)";
				SWIFT_EMIT_LOC_STRINGS = YES;
				SWIFT_VERSION = 5.0;
				TARGETED_DEVICE_FAMILY = "1,2";
			};
			name = Debug;
		};
		961428C32A4E29F000732A37 /* Release */ = {
			isa = XCBuildConfiguration;
			buildSettings = {
				ASSETCATALOG_COMPILER_APPICON_NAME = AppIcon;
				ASSETCATALOG_COMPILER_GLOBAL_ACCENT_COLOR_NAME = AccentColor;
				CODE_SIGN_STYLE = Automatic;
				CURRENT_PROJECT_VERSION = 1;
				DEVELOPMENT_ASSET_PATHS = "\"Pokemon/Preview Content\"";
				ENABLE_PREVIEWS = YES;
				GENERATE_INFOPLIST_FILE = YES;
				INFOPLIST_FILE = Pokemon/Info.plist;
				INFOPLIST_KEY_UIApplicationSceneManifest_Generation = YES;
				INFOPLIST_KEY_UIApplicationSupportsIndirectInputEvents = YES;
				INFOPLIST_KEY_UISupportedInterfaceOrientations = UIInterfaceOrientationPortrait;
				LD_RUNPATH_SEARCH_PATHS = (
					"$(inherited)",
					"@executable_path/Frameworks",
				);
				MARKETING_VERSION = 1.0;
				PRODUCT_BUNDLE_IDENTIFIER = com.jghg02.Pokemon;
				PRODUCT_NAME = "$(TARGET_NAME)";
				SWIFT_EMIT_LOC_STRINGS = YES;
				SWIFT_VERSION = 5.0;
				TARGETED_DEVICE_FAMILY = "1,2";
			};
			name = Release;
		};
		961428C52A4E29F000732A37 /* Debug */ = {
			isa = XCBuildConfiguration;
			buildSettings = {
				ALWAYS_EMBED_SWIFT_STANDARD_LIBRARIES = YES;
				BUNDLE_LOADER = "$(TEST_HOST)";
				CODE_SIGN_STYLE = Automatic;
				CURRENT_PROJECT_VERSION = 1;
				GENERATE_INFOPLIST_FILE = YES;
				IPHONEOS_DEPLOYMENT_TARGET = 16.1;
				MARKETING_VERSION = 1.0;
				PRODUCT_BUNDLE_IDENTIFIER = com.jghg02.PokemonTests;
				PRODUCT_NAME = "$(TARGET_NAME)";
				SWIFT_EMIT_LOC_STRINGS = NO;
				SWIFT_VERSION = 5.0;
				TARGETED_DEVICE_FAMILY = "1,2";
				TEST_HOST = "$(BUILT_PRODUCTS_DIR)/Pokemon.app/$(BUNDLE_EXECUTABLE_FOLDER_PATH)/Pokemon";
			};
			name = Debug;
		};
		961428C62A4E29F000732A37 /* Release */ = {
			isa = XCBuildConfiguration;
			buildSettings = {
				ALWAYS_EMBED_SWIFT_STANDARD_LIBRARIES = YES;
				BUNDLE_LOADER = "$(TEST_HOST)";
				CODE_SIGN_STYLE = Automatic;
				CURRENT_PROJECT_VERSION = 1;
				GENERATE_INFOPLIST_FILE = YES;
				IPHONEOS_DEPLOYMENT_TARGET = 16.1;
				MARKETING_VERSION = 1.0;
				PRODUCT_BUNDLE_IDENTIFIER = com.jghg02.PokemonTests;
				PRODUCT_NAME = "$(TARGET_NAME)";
				SWIFT_EMIT_LOC_STRINGS = NO;
				SWIFT_VERSION = 5.0;
				TARGETED_DEVICE_FAMILY = "1,2";
				TEST_HOST = "$(BUILT_PRODUCTS_DIR)/Pokemon.app/$(BUNDLE_EXECUTABLE_FOLDER_PATH)/Pokemon";
			};
			name = Release;
		};
		961428C82A4E29F000732A37 /* Debug */ = {
			isa = XCBuildConfiguration;
			buildSettings = {
				ALWAYS_EMBED_SWIFT_STANDARD_LIBRARIES = YES;
				CODE_SIGN_STYLE = Automatic;
				CURRENT_PROJECT_VERSION = 1;
				GENERATE_INFOPLIST_FILE = YES;
				MARKETING_VERSION = 1.0;
				PRODUCT_BUNDLE_IDENTIFIER = com.jghg02.PokemonUITests;
				PRODUCT_NAME = "$(TARGET_NAME)";
				SWIFT_EMIT_LOC_STRINGS = NO;
				SWIFT_VERSION = 5.0;
				TARGETED_DEVICE_FAMILY = "1,2";
				TEST_TARGET_NAME = Pokemon;
			};
			name = Debug;
		};
		961428C92A4E29F000732A37 /* Release */ = {
			isa = XCBuildConfiguration;
			buildSettings = {
				ALWAYS_EMBED_SWIFT_STANDARD_LIBRARIES = YES;
				CODE_SIGN_STYLE = Automatic;
				CURRENT_PROJECT_VERSION = 1;
				GENERATE_INFOPLIST_FILE = YES;
				MARKETING_VERSION = 1.0;
				PRODUCT_BUNDLE_IDENTIFIER = com.jghg02.PokemonUITests;
				PRODUCT_NAME = "$(TARGET_NAME)";
				SWIFT_EMIT_LOC_STRINGS = NO;
				SWIFT_VERSION = 5.0;
				TARGETED_DEVICE_FAMILY = "1,2";
				TEST_TARGET_NAME = Pokemon;
			};
			name = Release;
		};
/* End XCBuildConfiguration section */

/* Begin XCConfigurationList section */
		961428982A4E29EC00732A37 /* Build configuration list for PBXProject "Pokemon" */ = {
			isa = XCConfigurationList;
			buildConfigurations = (
				961428BF2A4E29F000732A37 /* Debug */,
				961428C02A4E29F000732A37 /* Release */,
			);
			defaultConfigurationIsVisible = 0;
			defaultConfigurationName = Release;
		};
		961428C12A4E29F000732A37 /* Build configuration list for PBXNativeTarget "Pokemon" */ = {
			isa = XCConfigurationList;
			buildConfigurations = (
				961428C22A4E29F000732A37 /* Debug */,
				961428C32A4E29F000732A37 /* Release */,
			);
			defaultConfigurationIsVisible = 0;
			defaultConfigurationName = Release;
		};
		961428C42A4E29F000732A37 /* Build configuration list for PBXNativeTarget "PokemonTests" */ = {
			isa = XCConfigurationList;
			buildConfigurations = (
				961428C52A4E29F000732A37 /* Debug */,
				961428C62A4E29F000732A37 /* Release */,
			);
			defaultConfigurationIsVisible = 0;
			defaultConfigurationName = Release;
		};
		961428C72A4E29F000732A37 /* Build configuration list for PBXNativeTarget "PokemonUITests" */ = {
			isa = XCConfigurationList;
			buildConfigurations = (
				961428C82A4E29F000732A37 /* Debug */,
				961428C92A4E29F000732A37 /* Release */,
			);
			defaultConfigurationIsVisible = 0;
			defaultConfigurationName = Release;
		};
/* End XCConfigurationList section */
	};
	rootObject = 961428952A4E29EC00732A37 /* Project object */;
}
